
Microsoft Visual Studio Solution File, Format Version 12.00
# Visual Studio Version 16
VisualStudioVersion = 16.0.32413.511
MinimumVisualStudioVersion = 10.0.40219.1
Project("{FAE04EC0-301F-11D3-BF4B-00C04F79EFBC}") = "APIRedarbor", "APIRedarbor.csproj", "{CAB517BC-353D-4994-B24D-359A4E122B61}"
EndProject
Global
	GlobalSection(SolutionConfigurationPlatforms) = preSolution
		Debug|Any CPU = Debug|Any CPU
		Release|Any CPU = Release|Any CPU
	EndGlobalSection
	GlobalSection(ProjectConfigurationPlatforms) = postSolution
		{CAB517BC-353D-4994-B24D-359A4E122B61}.Debug|Any CPU.ActiveCfg = Debug|Any CPU
		{CAB517BC-353D-4994-B24D-359A4E122B61}.Debug|Any CPU.Build.0 = Debug|Any CPU
		{CAB517BC-353D-4994-B24D-359A4E122B61}.Release|Any CPU.ActiveCfg = Release|Any CPU
		{CAB517BC-353D-4994-B24D-359A4E122B61}.Release|Any CPU.Build.0 = Release|Any CPU
	EndGlobalSection
	GlobalSection(SolutionProperties) = preSolution
		HideSolutionNode = FALSE
	EndGlobalSection
	GlobalSection(ExtensibilityGlobals) = postSolution
		SolutionGuid = {49E83B71-31D7-4966-9B49-DA785A6EEFFC}
	EndGlobalSection
EndGlobal
